
Microsoft Visual Studio Solution File, Format Version 12.00
# Visual Studio Version 16
VisualStudioVersion = 16.0.30621.155
MinimumVisualStudioVersion = 10.0.40219.1
Project("{FAE04EC0-301F-11D3-BF4B-00C04F79EFBC}") = "SampleJenkinsProj", "SampleJenkinsProj\SampleJenkinsProj.csproj", "{1146D95D-561E-4F48-ABCE-C3B82FD16E87}"
EndProject
Global
	GlobalSection(SolutionConfigurationPlatforms) = preSolution
		Debug|Any CPU = Debug|Any CPU
		Release|Any CPU = Release|Any CPU
	EndGlobalSection
	GlobalSection(ProjectConfigurationPlatforms) = postSolution
		{1146D95D-561E-4F48-ABCE-C3B82FD16E87}.Debug|Any CPU.ActiveCfg = Debug|Any CPU
		{1146D95D-561E-4F48-ABCE-C3B82FD16E87}.Debug|Any CPU.Build.0 = Debug|Any CPU
		{1146D95D-561E-4F48-ABCE-C3B82FD16E87}.Release|Any CPU.ActiveCfg = Release|Any CPU
		{1146D95D-561E-4F48-ABCE-C3B82FD16E87}.Release|Any CPU.Build.0 = Release|Any CPU
	EndGlobalSection
	GlobalSection(SolutionProperties) = preSolution
		HideSolutionNode = FALSE
	EndGlobalSection
	GlobalSection(ExtensibilityGlobals) = postSolution
		SolutionGuid = {2C6D50FA-9A60-4FE4-B995-669F08B494A9}
	EndGlobalSection
EndGlobal
